
Microsoft Visual Studio Solution File, Format Version 12.00
# Visual Studio Version 17
VisualStudioVersion = 17.11.35222.181
MinimumVisualStudioVersion = 10.0.40219.1
Project("{FAE04EC0-301F-11D3-BF4B-00C04F79EFBC}") = "EF Diyet Programı", "EF Diyet Programı\EF Diyet Programı.csproj", "{0DDA43F2-0055-4D8E-988F-2F99F0068EBA}"
EndProject
Global
	GlobalSection(SolutionConfigurationPlatforms) = preSolution
		Debug|Any CPU = Debug|Any CPU
		Release|Any CPU = Release|Any CPU
	EndGlobalSection
	GlobalSection(ProjectConfigurationPlatforms) = postSolution
		{0DDA43F2-0055-4D8E-988F-2F99F0068EBA}.Debug|Any CPU.ActiveCfg = Debug|Any CPU
		{0DDA43F2-0055-4D8E-988F-2F99F0068EBA}.Debug|Any CPU.Build.0 = Debug|Any CPU
		{0DDA43F2-0055-4D8E-988F-2F99F0068EBA}.Release|Any CPU.ActiveCfg = Release|Any CPU
		{0DDA43F2-0055-4D8E-988F-2F99F0068EBA}.Release|Any CPU.Build.0 = Release|Any CPU
	EndGlobalSection
	GlobalSection(SolutionProperties) = preSolution
		HideSolutionNode = FALSE
	EndGlobalSection
	GlobalSection(ExtensibilityGlobals) = postSolution
		SolutionGuid = {BEC516BC-5061-4347-85E3-07250B2CD4B1}
	EndGlobalSection
EndGlobal
